
Microsoft Visual Studio Solution File, Format Version 12.00
# Visual Studio 15
VisualStudioVersion = 15.0.26730.16
MinimumVisualStudioVersion = 10.0.40219.1
Project("{FAE04EC0-301F-11D3-BF4B-00C04F79EFBC}") = "BP.Data", "BP.Data\BP.Data.csproj", "{AB3BE4A6-406D-4CDA-964E-34A839139D64}"
EndProject
Project("{FAE04EC0-301F-11D3-BF4B-00C04F79EFBC}") = "BP", "BP\BP.csproj", "{0591714F-C1FD-4615-BB22-5E7B2321FBDD}"
EndProject
Global
	GlobalSection(SolutionConfigurationPlatforms) = preSolution
		Debug|Any CPU = Debug|Any CPU
		Release|Any CPU = Release|Any CPU
	EndGlobalSection
	GlobalSection(ProjectConfigurationPlatforms) = postSolution
		{AB3BE4A6-406D-4CDA-964E-34A839139D64}.Debug|Any CPU.ActiveCfg = Debug|Any CPU
		{AB3BE4A6-406D-4CDA-964E-34A839139D64}.Debug|Any CPU.Build.0 = Debug|Any CPU
		{AB3BE4A6-406D-4CDA-964E-34A839139D64}.Release|Any CPU.ActiveCfg = Release|Any CPU
		{AB3BE4A6-406D-4CDA-964E-34A839139D64}.Release|Any CPU.Build.0 = Release|Any CPU
		{0591714F-C1FD-4615-BB22-5E7B2321FBDD}.Debug|Any CPU.ActiveCfg = Debug|Any CPU
		{0591714F-C1FD-4615-BB22-5E7B2321FBDD}.Debug|Any CPU.Build.0 = Debug|Any CPU
		{0591714F-C1FD-4615-BB22-5E7B2321FBDD}.Release|Any CPU.ActiveCfg = Release|Any CPU
		{0591714F-C1FD-4615-BB22-5E7B2321FBDD}.Release|Any CPU.Build.0 = Release|Any CPU
	EndGlobalSection
	GlobalSection(SolutionProperties) = preSolution
		HideSolutionNode = FALSE
	EndGlobalSection
	GlobalSection(ExtensibilityGlobals) = postSolution
		SolutionGuid = {CDA03B3C-BE8F-4AB8-A910-1AD9051F7202}
	EndGlobalSection
EndGlobal
